
Microsoft Visual Studio Solution File, Format Version 12.00
Project("{FAE04EC0-301F-11D3-BF4B-00C04F79EFBC}") = "NEWSPAPER SUBSCRIPTION SYSTEM", "NEWSPAPER SUBSCRIPTION SYSTEM\NEWSPAPER SUBSCRIPTION SYSTEM.csproj", "{40609ECB-C318-4D6C-BF4A-2612AB07A14C}"
EndProject
Global
	GlobalSection(SolutionConfigurationPlatforms) = preSolution
		Debug|Any CPU = Debug|Any CPU
		Release|Any CPU = Release|Any CPU
	EndGlobalSection
	GlobalSection(ProjectConfigurationPlatforms) = postSolution
		{40609ECB-C318-4D6C-BF4A-2612AB07A14C}.Debug|Any CPU.ActiveCfg = Debug|Any CPU
		{40609ECB-C318-4D6C-BF4A-2612AB07A14C}.Debug|Any CPU.Build.0 = Debug|Any CPU
		{40609ECB-C318-4D6C-BF4A-2612AB07A14C}.Release|Any CPU.ActiveCfg = Release|Any CPU
		{40609ECB-C318-4D6C-BF4A-2612AB07A14C}.Release|Any CPU.Build.0 = Release|Any CPU
	EndGlobalSection
EndGlobal
